
Microsoft Visual Studio Solution File, Format Version 12.00
# Visual Studio Version 16
VisualStudioVersion = 16.0.810.2
MinimumVisualStudioVersion = 10.0.40219.1
Project("{FAE04EC0-301F-11D3-BF4B-00C04F79EFBC}") = "HybridWebView.Android", "HybridWebView.Android\HybridWebView.Android.csproj", "{40894EB4-BDE3-4DCF-8908-7FA45D7442F2}"
EndProject
Project("{FAE04EC0-301F-11D3-BF4B-00C04F79EFBC}") = "HybridWebView.iOS", "HybridWebView.iOS\HybridWebView.iOS.csproj", "{DEECD41F-EADC-41D7-9697-72609B426413}"
EndProject
Project("{FAE04EC0-301F-11D3-BF4B-00C04F79EFBC}") = "HybridWebView", "HybridWebView\HybridWebView.csproj", "{F8F25D4C-E2E8-4CB4-BBC7-BCB0680DFD88}"
EndProject
Global
	GlobalSection(SolutionConfigurationPlatforms) = preSolution
		Debug|Any CPU = Debug|Any CPU
		Release|Any CPU = Release|Any CPU
		Debug|iPhoneSimulator = Debug|iPhoneSimulator
		Release|iPhoneSimulator = Release|iPhoneSimulator
		Debug|iPhone = Debug|iPhone
		Release|iPhone = Release|iPhone
	EndGlobalSection
	GlobalSection(ProjectConfigurationPlatforms) = postSolution
		{40894EB4-BDE3-4DCF-8908-7FA45D7442F2}.Debug|Any CPU.ActiveCfg = Debug|Any CPU
		{40894EB4-BDE3-4DCF-8908-7FA45D7442F2}.Debug|Any CPU.Build.0 = Debug|Any CPU
		{40894EB4-BDE3-4DCF-8908-7FA45D7442F2}.Release|Any CPU.ActiveCfg = Release|Any CPU
		{40894EB4-BDE3-4DCF-8908-7FA45D7442F2}.Release|Any CPU.Build.0 = Release|Any CPU
		{40894EB4-BDE3-4DCF-8908-7FA45D7442F2}.Debug|iPhoneSimulator.ActiveCfg = Debug|Any CPU
		{40894EB4-BDE3-4DCF-8908-7FA45D7442F2}.Debug|iPhoneSimulator.Build.0 = Debug|Any CPU
		{40894EB4-BDE3-4DCF-8908-7FA45D7442F2}.Release|iPhoneSimulator.ActiveCfg = Release|Any CPU
		{40894EB4-BDE3-4DCF-8908-7FA45D7442F2}.Release|iPhoneSimulator.Build.0 = Release|Any CPU
		{40894EB4-BDE3-4DCF-8908-7FA45D7442F2}.Debug|iPhone.ActiveCfg = Debug|Any CPU
		{40894EB4-BDE3-4DCF-8908-7FA45D7442F2}.Debug|iPhone.Build.0 = Debug|Any CPU
		{40894EB4-BDE3-4DCF-8908-7FA45D7442F2}.Release|iPhone.ActiveCfg = Release|Any CPU
		{40894EB4-BDE3-4DCF-8908-7FA45D7442F2}.Release|iPhone.Build.0 = Release|Any CPU
		{DEECD41F-EADC-41D7-9697-72609B426413}.Debug|Any CPU.ActiveCfg = Debug|iPhoneSimulator
		{DEECD41F-EADC-41D7-9697-72609B426413}.Debug|Any CPU.Build.0 = Debug|iPhoneSimulator
		{DEECD41F-EADC-41D7-9697-72609B426413}.Release|Any CPU.ActiveCfg = Release|iPhoneSimulator
		{DEECD41F-EADC-41D7-9697-72609B426413}.Release|Any CPU.Build.0 = Release|iPhoneSimulator
		{DEECD41F-EADC-41D7-9697-72609B426413}.Debug|iPhoneSimulator.ActiveCfg = Debug|iPhoneSimulator
		{DEECD41F-EADC-41D7-9697-72609B426413}.Debug|iPhoneSimulator.Build.0 = Debug|iPhoneSimulator
		{DEECD41F-EADC-41D7-9697-72609B426413}.Release|iPhoneSimulator.ActiveCfg = Release|iPhoneSimulator
		{DEECD41F-EADC-41D7-9697-72609B426413}.Release|iPhoneSimulator.Build.0 = Release|iPhoneSimulator
		{DEECD41F-EADC-41D7-9697-72609B426413}.Debug|iPhone.ActiveCfg = Debug|iPhone
		{DEECD41F-EADC-41D7-9697-72609B426413}.Debug|iPhone.Build.0 = Debug|iPhone
		{DEECD41F-EADC-41D7-9697-72609B426413}.Release|iPhone.ActiveCfg = Release|iPhone
		{DEECD41F-EADC-41D7-9697-72609B426413}.Release|iPhone.Build.0 = Release|iPhone
		{F8F25D4C-E2E8-4CB4-BBC7-BCB0680DFD88}.Debug|Any CPU.ActiveCfg = Debug|Any CPU
		{F8F25D4C-E2E8-4CB4-BBC7-BCB0680DFD88}.Debug|Any CPU.Build.0 = Debug|Any CPU
		{F8F25D4C-E2E8-4CB4-BBC7-BCB0680DFD88}.Release|Any CPU.ActiveCfg = Release|Any CPU
		{F8F25D4C-E2E8-4CB4-BBC7-BCB0680DFD88}.Release|Any CPU.Build.0 = Release|Any CPU
		{F8F25D4C-E2E8-4CB4-BBC7-BCB0680DFD88}.Debug|iPhoneSimulator.ActiveCfg = Debug|Any CPU
		{F8F25D4C-E2E8-4CB4-BBC7-BCB0680DFD88}.Debug|iPhoneSimulator.Build.0 = Debug|Any CPU
		{F8F25D4C-E2E8-4CB4-BBC7-BCB0680DFD88}.Release|iPhoneSimulator.ActiveCfg = Release|Any CPU
		{F8F25D4C-E2E8-4CB4-BBC7-BCB0680DFD88}.Release|iPhoneSimulator.Build.0 = Release|Any CPU
		{F8F25D4C-E2E8-4CB4-BBC7-BCB0680DFD88}.Debug|iPhone.ActiveCfg = Debug|Any CPU
		{F8F25D4C-E2E8-4CB4-BBC7-BCB0680DFD88}.Debug|iPhone.Build.0 = Debug|Any CPU
		{F8F25D4C-E2E8-4CB4-BBC7-BCB0680DFD88}.Release|iPhone.ActiveCfg = Release|Any CPU
		{F8F25D4C-E2E8-4CB4-BBC7-BCB0680DFD88}.Release|iPhone.Build.0 = Release|Any CPU
	EndGlobalSection
	GlobalSection(SolutionProperties) = preSolution
		HideSolutionNode = FALSE
	EndGlobalSection
	GlobalSection(ExtensibilityGlobals) = postSolution
		SolutionGuid = {1FC3EF0C-5C55-4C9C-80C2-DF566AE71E2E}
	EndGlobalSection
EndGlobal
